
Microsoft Visual Studio Solution File, Format Version 12.00
# Visual Studio Version 16
VisualStudioVersion = 16.0.29123.88
MinimumVisualStudioVersion = 10.0.40219.1
Project("{8BC9CEB8-8B4A-11D0-8D11-00A0C91BC942}") = "BitmexDataTransform", "BitmexDataTransform\BitmexDataTransform.vcxproj", "{9D166F25-BA30-41AD-BE0C-C0D1CAC73D48}"
EndProject
Global
	GlobalSection(SolutionConfigurationPlatforms) = preSolution
		Debug|x64 = Debug|x64
		Debug|x86 = Debug|x86
		Release|x64 = Release|x64
		Release|x86 = Release|x86
	EndGlobalSection
	GlobalSection(ProjectConfigurationPlatforms) = postSolution
		{9D166F25-BA30-41AD-BE0C-C0D1CAC73D48}.Debug|x64.ActiveCfg = Debug|x64
		{9D166F25-BA30-41AD-BE0C-C0D1CAC73D48}.Debug|x64.Build.0 = Debug|x64
		{9D166F25-BA30-41AD-BE0C-C0D1CAC73D48}.Debug|x86.ActiveCfg = Debug|Win32
		{9D166F25-BA30-41AD-BE0C-C0D1CAC73D48}.Debug|x86.Build.0 = Debug|Win32
		{9D166F25-BA30-41AD-BE0C-C0D1CAC73D48}.Release|x64.ActiveCfg = Release|x64
		{9D166F25-BA30-41AD-BE0C-C0D1CAC73D48}.Release|x64.Build.0 = Release|x64
		{9D166F25-BA30-41AD-BE0C-C0D1CAC73D48}.Release|x86.ActiveCfg = Release|Win32
		{9D166F25-BA30-41AD-BE0C-C0D1CAC73D48}.Release|x86.Build.0 = Release|Win32
	EndGlobalSection
	GlobalSection(SolutionProperties) = preSolution
		HideSolutionNode = FALSE
	EndGlobalSection
	GlobalSection(ExtensibilityGlobals) = postSolution
		SolutionGuid = {C384C56B-A033-4235-AC9A-BA864B72D9B3}
	EndGlobalSection
EndGlobal
